// !$*UTF8*$!
{
	archiveVersion = 1;
	classes = {
	};
	objectVersion = 46;
	objects = {

/* Begin PBXBuildFile section */
		6CC93AC81C1F8F220038677A /* AppDelegate.swift in Sources */ = {isa = PBXBuildFile; fileRef = 6CC93AC71C1F8F220038677A /* AppDelegate.swift */; };
		6CC93ACA1C1F8F220038677A /* ViewController.swift in Sources */ = {isa = PBXBuildFile; fileRef = 6CC93AC91C1F8F220038677A /* ViewController.swift */; };
		6CC93ACD1C1F8F220038677A /* Main.storyboard in Resources */ = {isa = PBXBuildFile; fileRef = 6CC93ACB1C1F8F220038677A /* Main.storyboard */; };
		6CC93AD01C1F8F220038677A /* TaskManager.xcdatamodeld in Sources */ = {isa = PBXBuildFile; fileRef = 6CC93ACE1C1F8F220038677A /* TaskManager.xcdatamodeld */; };
		6CC93AD21C1F8F220038677A /* Assets.xcassets in Resources */ = {isa = PBXBuildFile; fileRef = 6CC93AD11C1F8F220038677A /* Assets.xcassets */; };
		6CC93AD51C1F8F220038677A /* LaunchScreen.storyboard in Resources */ = {isa = PBXBuildFile; fileRef = 6CC93AD31C1F8F220038677A /* LaunchScreen.storyboard */; };
		6CC93AE01C1F8F220038677A /* TaskManagerTests.swift in Sources */ = {isa = PBXBuildFile; fileRef = 6CC93ADF1C1F8F220038677A /* TaskManagerTests.swift */; };
		6CC93AEB1C1F8F220038677A /* TaskManagerUITests.swift in Sources */ = {isa = PBXBuildFile; fileRef = 6CC93AEA1C1F8F220038677A /* TaskManagerUITests.swift */; };
/* End PBXBuildFile section */

/* Begin PBXContainerItemProxy section */
		6CC93ADC1C1F8F220038677A /* PBXContainerItemProxy */ = {
			isa = PBXContainerItemProxy;
			containerPortal = 6CC93ABC1C1F8F220038677A /* Project object */;
			proxyType = 1;
			remoteGlobalIDString = 6CC93AC31C1F8F220038677A;
			remoteInfo = TaskManager;
		};
		6CC93AE71C1F8F220038677A /* PBXContainerItemProxy */ = {
			isa = PBXContainerItemProxy;
			containerPortal = 6CC93ABC1C1F8F220038677A /* Project object */;
			proxyType = 1;
			remoteGlobalIDString = 6CC93AC31C1F8F220038677A;
			remoteInfo = TaskManager;
		};
/* End PBXContainerItemProxy section */

/* Begin PBXFileReference section */
		6CC93AC41C1F8F220038677A /* TaskManager.app */ = {isa = PBXFileReference; explicitFileType = wrapper.application; includeInIndex = 0; path = TaskManager.app; sourceTree = BUILT_PRODUCTS_DIR; };
		6CC93AC71C1F8F220038677A /* AppDelegate.swift */ = {isa = PBXFileReference; lastKnownFileType = sourcecode.swift; path = AppDelegate.swift; sourceTree = "<group>"; };
		6CC93AC91C1F8F220038677A /* ViewController.swift */ = {isa = PBXFileReference; lastKnownFileType = sourcecode.swift; path = ViewController.swift; sourceTree = "<group>"; };
		6CC93ACC1C1F8F220038677A /* Base */ = {isa = PBXFileReference; lastKnownFileType = file.storyboard; name = Base; path = Base.lproj/Main.storyboard; sourceTree = "<group>"; };
		6CC93ACF1C1F8F220038677A /* TaskManager.xcdatamodel */ = {isa = PBXFileReference; lastKnownFileType = wrapper.xcdatamodel; path = TaskManager.xcdatamodel; sourceTree = "<group>"; };
		6CC93AD11C1F8F220038677A /* Assets.xcassets */ = {isa = PBXFileReference; lastKnownFileType = folder.assetcatalog; path = Assets.xcassets; sourceTree = "<group>"; };
		6CC93AD41C1F8F220038677A /* Base */ = {isa = PBXFileReference; lastKnownFileType = file.storyboard; name = Base; path = Base.lproj/LaunchScreen.storyboard; sourceTree = "<group>"; };
		6CC93AD61C1F8F220038677A /* Info.plist */ = {isa = PBXFileReference; lastKnownFileType = text.plist.xml; path = Info.plist; sourceTree = "<group>"; };
		6CC93ADB1C1F8F220038677A /* TaskManagerTests.xctest */ = {isa = PBXFileReference; explicitFileType = wrapper.cfbundle; includeInIndex = 0; path = TaskManagerTests.xctest; sourceTree = BUILT_PRODUCTS_DIR; };
		6CC93ADF1C1F8F220038677A /* TaskManagerTests.swift */ = {isa = PBXFileReference; lastKnownFileType = sourcecode.swift; path = TaskManagerTests.swift; sourceTree = "<group>"; };
		6CC93AE11C1F8F220038677A /* Info.plist */ = {isa = PBXFileReference; lastKnownFileType = text.plist.xml; path = Info.plist; sourceTree = "<group>"; };
		6CC93AE61C1F8F220038677A /* TaskManagerUITests.xctest */ = {isa = PBXFileReference; explicitFileType = wrapper.cfbundle; includeInIndex = 0; path = TaskManagerUITests.xctest; sourceTree = BUILT_PRODUCTS_DIR; };
		6CC93AEA1C1F8F220038677A /* TaskManagerUITests.swift */ = {isa = PBXFileReference; lastKnownFileType = sourcecode.swift; path = TaskManagerUITests.swift; sourceTree = "<group>"; };
		6CC93AEC1C1F8F220038677A /* Info.plist */ = {isa = PBXFileReference; lastKnownFileType = text.plist.xml; path = Info.plist; sourceTree = "<group>"; };
/* End PBXFileReference section */

/* Begin PBXFrameworksBuildPhase section */
		6CC93AC11C1F8F220038677A /* Frameworks */ = {
			isa = PBXFrameworksBuildPhase;
			buildActionMask = 2147483647;
			files = (
			);
			runOnlyForDeploymentPostprocessing = 0;
		};
		6CC93AD81C1F8F220038677A /* Frameworks */ = {
			isa = PBXFrameworksBuildPhase;
			buildActionMask = 2147483647;
			files = (
			);
			runOnlyForDeploymentPostprocessing = 0;
		};
		6CC93AE31C1F8F220038677A /* Frameworks */ = {
			isa = PBXFrameworksBuildPhase;
			buildActionMask = 2147483647;
			files = (
			);
			runOnlyForDeploymentPostprocessing = 0;
		};
/* End PBXFrameworksBuildPhase section */

/* Begin PBXGroup section */
		6CC93ABB1C1F8F220038677A = {
			isa = PBXGroup;
			children = (
				6CC93AC61C1F8F220038677A /* TaskManager */,
				6CC93ADE1C1F8F220038677A /* TaskManagerTests */,
				6CC93AE91C1F8F220038677A /* TaskManagerUITests */,
				6CC93AC51C1F8F220038677A /* Products */,
			);
			sourceTree = "<group>";
		};
		6CC93AC51C1F8F220038677A /* Products */ = {
			isa = PBXGroup;
			children = (
				6CC93AC41C1F8F220038677A /* TaskManager.app */,
				6CC93ADB1C1F8F220038677A /* TaskManagerTests.xctest */,
				6CC93AE61C1F8F220038677A /* TaskManagerUITests.xctest */,
			);
			name = Products;
			sourceTree = "<group>";
		};
		6CC93AC61C1F8F220038677A /* TaskManager */ = {
			isa = PBXGroup;
			children = (
				6CC93AC71C1F8F220038677A /* AppDelegate.swift */,
				6CC93AC91C1F8F220038677A /* ViewController.swift */,
				6CC93ACB1C1F8F220038677A /* Main.storyboard */,
				6CC93AD11C1F8F220038677A /* Assets.xcassets */,
				6CC93AD31C1F8F220038677A /* LaunchScreen.storyboard */,
				6CC93AD61C1F8F220038677A /* Info.plist */,
				6CC93ACE1C1F8F220038677A /* TaskManager.xcdatamodeld */,
			);
			path = TaskManager;
			sourceTree = "<group>";
		};
		6CC93ADE1C1F8F220038677A /* TaskManagerTests */ = {
			isa = PBXGroup;
			children = (
				6CC93ADF1C1F8F220038677A /* TaskManagerTests.swift */,
				6CC93AE11C1F8F220038677A /* Info.plist */,
			);
			path = TaskManagerTests;
			sourceTree = "<group>";
		};
		6CC93AE91C1F8F220038677A /* TaskManagerUITests */ = {
			isa = PBXGroup;
			children = (
				6CC93AEA1C1F8F220038677A /* TaskManagerUITests.swift */,
				6CC93AEC1C1F8F220038677A /* Info.plist */,
			);
			path = TaskManagerUITests;
			sourceTree = "<group>";
		};
/* End PBXGroup section */

/* Begin PBXNativeTarget section */
		6CC93AC31C1F8F220038677A /* TaskManager */ = {
			isa = PBXNativeTarget;
			buildConfigurationList = 6CC93AEF1C1F8F220038677A /* Build configuration list for PBXNativeTarget "TaskManager" */;
			buildPhases = (
				6CC93AC01C1F8F220038677A /* Sources */,
				6CC93AC11C1F8F220038677A /* Frameworks */,
				6CC93AC21C1F8F220038677A /* Resources */,
			);
			buildRules = (
			);
			dependencies = (
			);
			name = TaskManager;
			productName = TaskManager;
			productReference = 6CC93AC41C1F8F220038677A /* TaskManager.app */;
			productType = "com.apple.product-type.application";
		};
		6CC93ADA1C1F8F220038677A /* TaskManagerTests */ = {
			isa = PBXNativeTarget;
			buildConfigurationList = 6CC93AF21C1F8F220038677A /* Build configuration list for PBXNativeTarget "TaskManagerTests" */;
			buildPhases = (
				6CC93AD71C1F8F220038677A /* Sources */,
				6CC93AD81C1F8F220038677A /* Frameworks */,
				6CC93AD91C1F8F220038677A /* Resources */,
			);
			buildRules = (
			);
			dependencies = (
				6CC93ADD1C1F8F220038677A /* PBXTargetDependency */,
			);
			name = TaskManagerTests;
			productName = TaskManagerTests;
			productReference = 6CC93ADB1C1F8F220038677A /* TaskManagerTests.xctest */;
			productType = "com.apple.product-type.bundle.unit-test";
		};
		6CC93AE51C1F8F220038677A /* TaskManagerUITests */ = {
			isa = PBXNativeTarget;
			buildConfigurationList = 6CC93AF51C1F8F220038677A /* Build configuration list for PBXNativeTarget "TaskManagerUITests" */;
			buildPhases = (
				6CC93AE21C1F8F220038677A /* Sources */,
				6CC93AE31C1F8F220038677A /* Frameworks */,
				6CC93AE41C1F8F220038677A /* Resources */,
			);
			buildRules = (
			);
			dependencies = (
				6CC93AE81C1F8F220038677A /* PBXTargetDependency */,
			);
			name = TaskManagerUITests;
			productName = TaskManagerUITests;
			productReference = 6CC93AE61C1F8F220038677A /* TaskManagerUITests.xctest */;
			productType = "com.apple.product-type.bundle.ui-testing";
		};
/* End PBXNativeTarget section */

/* Begin PBXProject section */
		6CC93ABC1C1F8F220038677A /* Project object */ = {
			isa = PBXProject;
			attributes = {
				LastSwiftUpdateCheck = 0720;
				LastUpgradeCheck = 0720;
				ORGANIZATIONNAME = "Joao Paulo";
				TargetAttributes = {
					6CC93AC31C1F8F220038677A = {
						CreatedOnToolsVersion = 7.2;
					};
					6CC93ADA1C1F8F220038677A = {
						CreatedOnToolsVersion = 7.2;
						TestTargetID = 6CC93AC31C1F8F220038677A;
					};
					6CC93AE51C1F8F220038677A = {
						CreatedOnToolsVersion = 7.2;
						TestTargetID = 6CC93AC31C1F8F220038677A;
					};
				};
			};
			buildConfigurationList = 6CC93ABF1C1F8F220038677A /* Build configuration list for PBXProject "TaskManager" */;
			compatibilityVersion = "Xcode 3.2";
			developmentRegion = English;
			hasScannedForEncodings = 0;
			knownRegions = (
				en,
				Base,
			);
			mainGroup = 6CC93ABB1C1F8F220038677A;
			productRefGroup = 6CC93AC51C1F8F220038677A /* Products */;
			projectDirPath = "";
			projectRoot = "";
			targets = (
				6CC93AC31C1F8F220038677A /* TaskManager */,
				6CC93ADA1C1F8F220038677A /* TaskManagerTests */,
				6CC93AE51C1F8F220038677A /* TaskManagerUITests */,
			);
		};
/* End PBXProject section */

/* Begin PBXResourcesBuildPhase section */
		6CC93AC21C1F8F220038677A /* Resources */ = {
			isa = PBXResourcesBuildPhase;
			buildActionMask = 2147483647;
			files = (
				6CC93AD51C1F8F220038677A /* LaunchScreen.storyboard in Resources */,
				6CC93AD21C1F8F220038677A /* Assets.xcassets in Resources */,
				6CC93ACD1C1F8F220038677A /* Main.storyboard in Resources */,
			);
			runOnlyForDeploymentPostprocessing = 0;
		};
		6CC93AD91C1F8F220038677A /* Resources */ = {
			isa = PBXResourcesBuildPhase;
			buildActionMask = 2147483647;
			files = (
			);
			runOnlyForDeploymentPostprocessing = 0;
		};
		6CC93AE41C1F8F220038677A /* Resources */ = {
			isa = PBXResourcesBuildPhase;
			buildActionMask = 2147483647;
			files = (
			);
			runOnlyForDeploymentPostprocessing = 0;
		};
/* End PBXResourcesBuildPhase section */

/* Begin PBXSourcesBuildPhase section */
		6CC93AC01C1F8F220038677A /* Sources */ = {
			isa = PBXSourcesBuildPhase;
			buildActionMask = 2147483647;
			files = (
				6CC93AD01C1F8F220038677A /* TaskManager.xcdatamodeld in Sources */,
				6CC93ACA1C1F8F220038677A /* ViewController.swift in Sources */,
				6CC93AC81C1F8F220038677A /* AppDelegate.swift in Sources */,
			);
			runOnlyForDeploymentPostprocessing = 0;
		};
		6CC93AD71C1F8F220038677A /* Sources */ = {
			isa = PBXSourcesBuildPhase;
			buildActionMask = 2147483647;
			files = (
				6CC93AE01C1F8F220038677A /* TaskManagerTests.swift in Sources */,
			);
			runOnlyForDeploymentPostprocessing = 0;
		};
		6CC93AE21C1F8F220038677A /* Sources */ = {
			isa = PBXSourcesBuildPhase;
			buildActionMask = 2147483647;
			files = (
				6CC93AEB1C1F8F220038677A /* TaskManagerUITests.swift in Sources */,
			);
			runOnlyForDeploymentPostprocessing = 0;
		};
/* End PBXSourcesBuildPhase section */

/* Begin PBXTargetDependency section */
		6CC93ADD1C1F8F220038677A /* PBXTargetDependency */ = {
			isa = PBXTargetDependency;
			target = 6CC93AC31C1F8F220038677A /* TaskManager */;
			targetProxy = 6CC93ADC1C1F8F220038677A /* PBXContainerItemProxy */;
		};
		6CC93AE81C1F8F220038677A /* PBXTargetDependency */ = {
			isa = PBXTargetDependency;
			target = 6CC93AC31C1F8F220038677A /* TaskManager */;
			targetProxy = 6CC93AE71C1F8F220038677A /* PBXContainerItemProxy */;
		};
/* End PBXTargetDependency section */

/* Begin PBXVariantGroup section */
		6CC93ACB1C1F8F220038677A /* Main.storyboard */ = {
			isa = PBXVariantGroup;
			children = (
				6CC93ACC1C1F8F220038677A /* Base */,
			);
			name = Main.storyboard;
			sourceTree = "<group>";
		};
		6CC93AD31C1F8F220038677A /* LaunchScreen.storyboard */ = {
			isa = PBXVariantGroup;
			children = (
				6CC93AD41C1F8F220038677A /* Base */,
			);
			name = LaunchScreen.storyboard;
			sourceTree = "<group>";
		};
/* End PBXVariantGroup section */

/* Begin XCBuildConfiguration section */
		6CC93AED1C1F8F220038677A /* Debug */ = {
			isa = XCBuildConfiguration;
			buildSettings = {
				ALWAYS_SEARCH_USER_PATHS = NO;
				CLANG_CXX_LANGUAGE_STANDARD = "gnu++0x";
				CLANG_CXX_LIBRARY = "libc++";
				CLANG_ENABLE_MODULES = YES;
				CLANG_ENABLE_OBJC_ARC = YES;
				CLANG_WARN_BOOL_CONVERSION = YES;
				CLANG_WARN_CONSTANT_CONVERSION = YES;
				CLANG_WARN_DIRECT_OBJC_ISA_USAGE = YES_ERROR;
				CLANG_WARN_EMPTY_BODY = YES;
				CLANG_WARN_ENUM_CONVERSION = YES;
				CLANG_WARN_INT_CONVERSION = YES;
				CLANG_WARN_OBJC_ROOT_CLASS = YES_ERROR;
				CLANG_WARN_UNREACHABLE_CODE = YES;
				CLANG_WARN__DUPLICATE_METHOD_MATCH = YES;
				"CODE_SIGN_IDENTITY[sdk=iphoneos*]" = "iPhone Developer";
				COPY_PHASE_STRIP = NO;
				DEBUG_INFORMATION_FORMAT = dwarf;
				ENABLE_STRICT_OBJC_MSGSEND = YES;
				ENABLE_TESTABILITY = YES;
				GCC_C_LANGUAGE_STANDARD = gnu99;
				GCC_DYNAMIC_NO_PIC = NO;
				GCC_NO_COMMON_BLOCKS = YES;
				GCC_OPTIMIZATION_LEVEL = 0;
				GCC_PREPROCESSOR_DEFINITIONS = (
					"DEBUG=1",
					"$(inherited)",
				);
				GCC_WARN_64_TO_32_BIT_CONVERSION = YES;
				GCC_WARN_ABOUT_RETURN_TYPE = YES_ERROR;
				GCC_WARN_UNDECLARED_SELECTOR = YES;
				GCC_WARN_UNINITIALIZED_AUTOS = YES_AGGRESSIVE;
				GCC_WARN_UNUSED_FUNCTION = YES;
				GCC_WARN_UNUSED_VARIABLE = YES;
				IPHONEOS_DEPLOYMENT_TARGET = 9.2;
				MTL_ENABLE_DEBUG_INFO = YES;
				ONLY_ACTIVE_ARCH = YES;
				SDKROOT = iphoneos;
				SWIFT_OPTIMIZATION_LEVEL = "-Onone";
			};
			name = Debug;
		};
		6CC93AEE1C1F8F220038677A /* Release */ = {
			isa = XCBuildConfiguration;
			buildSettings = {
				ALWAYS_SEARCH_USER_PATHS = NO;
				CLANG_CXX_LANGUAGE_STANDARD = "gnu++0x";
				CLANG_CXX_LIBRARY = "libc++";
				CLANG_ENABLE_MODULES = YES;
				CLANG_ENABLE_OBJC_ARC = YES;
				CLANG_WARN_BOOL_CONVERSION = YES;
				CLANG_WARN_CONSTANT_CONVERSION = YES;
				CLANG_WARN_DIRECT_OBJC_ISA_USAGE = YES_ERROR;
				CLANG_WARN_EMPTY_BODY = YES;
				CLANG_WARN_ENUM_CONVERSION = YES;
				CLANG_WARN_INT_CONVERSION = YES;
				CLANG_WARN_OBJC_ROOT_CLASS = YES_ERROR;
				CLANG_WARN_UNREACHABLE_CODE = YES;
				CLANG_WARN__DUPLICATE_METHOD_MATCH = YES;
				"CODE_SIGN_IDENTITY[sdk=iphoneos*]" = "iPhone Developer";
				COPY_PHASE_STRIP = NO;
				DEBUG_INFORMATION_FORMAT = "dwarf-with-dsym";
				ENABLE_NS_ASSERTIONS = NO;
				ENABLE_STRICT_OBJC_MSGSEND = YES;
				GCC_C_LANGUAGE_STANDARD = gnu99;
				GCC_NO_COMMON_BLOCKS = YES;
				GCC_WARN_64_TO_32_BIT_CONVERSION = YES;
				GCC_WARN_ABOUT_RETURN_TYPE = YES_ERROR;
				GCC_WARN_UNDECLARED_SELECTOR = YES;
				GCC_WARN_UNINITIALIZED_AUTOS = YES_AGGRESSIVE;
				GCC_WARN_UNUSED_FUNCTION = YES;
				GCC_WARN_UNUSED_VARIABLE = YES;
				IPHONEOS_DEPLOYMENT_TARGET = 9.2;
				MTL_ENABLE_DEBUG_INFO = NO;
				SDKROOT = iphoneos;
				VALIDATE_PRODUCT = YES;
			};
			name = Release;
		};
		6CC93AF01C1F8F220038677A /* Debug */ = {
			isa = XCBuildConfiguration;
			buildSettings = {
				ASSETCATALOG_COMPILER_APPICON_NAME = AppIcon;
				INFOPLIST_FILE = TaskManager/Info.plist;
				LD_RUNPATH_SEARCH_PATHS = "$(inherited) @executable_path/Frameworks";
				PRODUCT_BUNDLE_IDENTIFIER = jpms.TaskManager;
				PRODUCT_NAME = "$(TARGET_NAME)";
			};
			name = Debug;
		};
		6CC93AF11C1F8F220038677A /* Release */ = {
			isa = XCBuildConfiguration;
			buildSettings = {
				ASSETCATALOG_COMPILER_APPICON_NAME = AppIcon;
				INFOPLIST_FILE = TaskManager/Info.plist;
				LD_RUNPATH_SEARCH_PATHS = "$(inherited) @executable_path/Frameworks";
				PRODUCT_BUNDLE_IDENTIFIER = jpms.TaskManager;
				PRODUCT_NAME = "$(TARGET_NAME)";
			};
			name = Release;
		};
		6CC93AF31C1F8F220038677A /* Debug */ = {
			isa = XCBuildConfiguration;
			buildSettings = {
				BUNDLE_LOADER = "$(TEST_HOST)";
				INFOPLIST_FILE = TaskManagerTests/Info.plist;
				LD_RUNPATH_SEARCH_PATHS = "$(inherited) @executable_path/Frameworks @loader_path/Frameworks";
				PRODUCT_BUNDLE_IDENTIFIER = jpms.TaskManagerTests;
				PRODUCT_NAME = "$(TARGET_NAME)";
				TEST_HOST = "$(BUILT_PRODUCTS_DIR)/TaskManager.app/TaskManager";
			};
			name = Debug;
		};
		6CC93AF41C1F8F220038677A /* Release */ = {
			isa = XCBuildConfiguration;
			buildSettings = {
				BUNDLE_LOADER = "$(TEST_HOST)";
				INFOPLIST_FILE = TaskManagerTests/Info.plist;
				LD_RUNPATH_SEARCH_PATHS = "$(inherited) @executable_path/Frameworks @loader_path/Frameworks";
				PRODUCT_BUNDLE_IDENTIFIER = jpms.TaskManagerTests;
				PRODUCT_NAME = "$(TARGET_NAME)";
				TEST_HOST = "$(BUILT_PRODUCTS_DIR)/TaskManager.app/TaskManager";
			};
			name = Release;
		};
		6CC93AF61C1F8F220038677A /* Debug */ = {
			isa = XCBuildConfiguration;
			buildSettings = {
				INFOPLIST_FILE = TaskManagerUITests/Info.plist;
				LD_RUNPATH_SEARCH_PATHS = "$(inherited) @executable_path/Frameworks @loader_path/Frameworks";
				PRODUCT_BUNDLE_IDENTIFIER = jpms.TaskManagerUITests;
				PRODUCT_NAME = "$(TARGET_NAME)";
				TEST_TARGET_NAME = TaskManager;
				USES_XCTRUNNER = YES;
			};
			name = Debug;
		};
		6CC93AF71C1F8F220038677A /* Release */ = {
			isa = XCBuildConfiguration;
			buildSettings = {
				INFOPLIST_FILE = TaskManagerUITests/Info.plist;
				LD_RUNPATH_SEARCH_PATHS = "$(inherited) @executable_path/Frameworks @loader_path/Frameworks";
				PRODUCT_BUNDLE_IDENTIFIER = jpms.TaskManagerUITests;
				PRODUCT_NAME = "$(TARGET_NAME)";
				TEST_TARGET_NAME = TaskManager;
				USES_XCTRUNNER = YES;
			};
			name = Release;
		};
/* End XCBuildConfiguration section */

/* Begin XCConfigurationList section */
		6CC93ABF1C1F8F220038677A /* Build configuration list for PBXProject "TaskManager" */ = {
			isa = XCConfigurationList;
			buildConfigurations = (
				6CC93AED1C1F8F220038677A /* Debug */,
				6CC93AEE1C1F8F220038677A /* Release */,
			);
			defaultConfigurationIsVisible = 0;
			defaultConfigurationName = Release;
		};
		6CC93AEF1C1F8F220038677A /* Build configuration list for PBXNativeTarget "TaskManager" */ = {
			isa = XCConfigurationList;
			buildConfigurations = (
				6CC93AF01C1F8F220038677A /* Debug */,
				6CC93AF11C1F8F220038677A /* Release */,
			);
			defaultConfigurationIsVisible = 0;
		};
		6CC93AF21C1F8F220038677A /* Build configuration list for PBXNativeTarget "TaskManagerTests" */ = {
			isa = XCConfigurationList;
			buildConfigurations = (
				6CC93AF31C1F8F220038677A /* Debug */,
				6CC93AF41C1F8F220038677A /* Release */,
			);
			defaultConfigurationIsVisible = 0;
		};
		6CC93AF51C1F8F220038677A /* Build configuration list for PBXNativeTarget "TaskManagerUITests" */ = {
			isa = XCConfigurationList;
			buildConfigurations = (
				6CC93AF61C1F8F220038677A /* Debug */,
				6CC93AF71C1F8F220038677A /* Release */,
			);
			defaultConfigurationIsVisible = 0;
		};
/* End XCConfigurationList section */

/* Begin XCVersionGroup section */
		6CC93ACE1C1F8F220038677A /* TaskManager.xcdatamodeld */ = {
			isa = XCVersionGroup;
			children = (
				6CC93ACF1C1F8F220038677A /* TaskManager.xcdatamodel */,
			);
			currentVersion = 6CC93ACF1C1F8F220038677A /* TaskManager.xcdatamodel */;
			path = TaskManager.xcdatamodeld;
			sourceTree = "<group>";
			versionGroupType = wrapper.xcdatamodel;
		};
/* End XCVersionGroup section */
	};
	rootObject = 6CC93ABC1C1F8F220038677A /* Project object */;
}
